<?xml version="1.0" encoding="UTF-8"?>
<Scheme LastUpgradeVersion = "2660" version = "1.7">
   <BuildAction parallelizeBuildables = "YES" buildImplicitDependencies = "YES">
      <BuildActionEntries>
         <BuildActionEntry buildForTesting = "YES" buildForRunning = "YES" buildForProfiling = "YES" buildForArchiving = "YES" buildForAnalyzing = "YES">
            <BuildableReference BuildableIdentifier = "primary" BlueprintIdentifier = "94E4FF68303C5166003EA75E" BuildableName = "StageTimePNW.app" BlueprintName = "StageTimePNW" ReferencedContainer = "container:StageTimePNW.xcodeproj"/>
         </BuildActionEntry>
      </BuildActionEntries>
   </BuildAction>
   <TestAction buildConfiguration = "Debug" selectedDebuggerIdentifier = "Xcode.DebuggerFoundation.Debugger.LLDB" selectedLauncherIdentifier = "Xcode.DebuggerFoundation.Launcher.LLDB" shouldUseLaunchSchemeArgsEnv = "YES" shouldAutocreateTestPlan = "YES">
      <Testables>
         <TestableReference skipped = "NO" parallelizable = "YES">
            <BuildableReference BuildableIdentifier = "primary" BlueprintIdentifier = "A1B2C3D4E5F60718293A4B5C" BuildableName = "StageTimePNWTests.xctest" BlueprintName = "StageTimePNWTests" ReferencedContainer = "container:StageTimePNW.xcodeproj"/>
         </TestableReference>
      </Testables>
   </TestAction>
   <LaunchAction buildConfiguration = "Debug" selectedDebuggerIdentifier = "Xcode.DebuggerFoundation.Debugger.LLDB" selectedLauncherIdentifier = "Xcode.DebuggerFoundation.Launcher.LLDB" launchStyle = "0" useCustomWorkingDirectory = "NO" ignoresPersistentStateOnLaunch = "NO" debugDocumentVersioning = "YES" debugServiceExtension = "internal" allowLocationSimulation = "YES">
      <BuildableProductRunnable runnableDebuggingMode = "0">
         <BuildableReference BuildableIdentifier = "primary" BlueprintIdentifier = "94E4FF68303C5166003EA75E" BuildableName = "StageTimePNW.app" BlueprintName = "StageTimePNW" ReferencedContainer = "container:StageTimePNW.xcodeproj"/>
      </BuildableProductRunnable>
   </LaunchAction>
   <ProfileAction buildConfiguration = "Release" shouldUseLaunchSchemeArgsEnv = "YES" savedToolIdentifier = "" useCustomWorkingDirectory = "NO" debugDocumentVersioning = "YES">
      <BuildableProductRunnable runnableDebuggingMode = "0">
         <BuildableReference BuildableIdentifier = "primary" BlueprintIdentifier = "94E4FF68303C5166003EA75E" BuildableName = "StageTimePNW.app" BlueprintName = "StageTimePNW" ReferencedContainer = "container:StageTimePNW.xcodeproj"/>
      </BuildableProductRunnable>
   </ProfileAction>
   <AnalyzeAction buildConfiguration = "Debug"/>
   <ArchiveAction buildConfiguration = "Release" revealArchiveInOrganizer = "YES"/>
</Scheme>
